// !$*UTF8*$!
{
	archiveVersion = 1;
	classes = {
	};
	objectVersion = 77;
	objects = {

/* Begin PBXContainerItemProxy section */
		3FE9CADA2D898134004457F2 /* PBXContainerItemProxy */ = {
			isa = PBXContainerItemProxy;
			containerPortal = 3FE9CABE2D898133004457F2 /* Project object */;
			proxyType = 1;
			remoteGlobalIDString = 3FE9CAC52D898133004457F2;
			remoteInfo = "ollama gui";
		};
		3FE9CAE42D898134004457F2 /* PBXContainerItemProxy */ = {
			isa = PBXContainerItemProxy;
			containerPortal = 3FE9CABE2D898133004457F2 /* Project object */;
			proxyType = 1;
			remoteGlobalIDString = 3FE9CAC52D898133004457F2;
			remoteInfo = "ollama gui";
		};
/* End PBXContainerItemProxy section */

/* Begin PBXFileReference section */
		3FE9CAC62D898133004457F2 /* ollama gui.app */ = {isa = PBXFileReference; explicitFileType = wrapper.application; includeInIndex = 0; path = "ollama gui.app"; sourceTree = BUILT_PRODUCTS_DIR; };
		3FE9CAD92D898134004457F2 /* ollama guiTests.xctest */ = {isa = PBXFileReference; explicitFileType = wrapper.cfbundle; includeInIndex = 0; path = "ollama guiTests.xctest"; sourceTree = BUILT_PRODUCTS_DIR; };
		3FE9CAE32D898134004457F2 /* ollama guiUITests.xctest */ = {isa = PBXFileReference; explicitFileType = wrapper.cfbundle; includeInIndex = 0; path = "ollama guiUITests.xctest"; sourceTree = BUILT_PRODUCTS_DIR; };
/* End PBXFileReference section */

/* Begin PBXFileSystemSynchronizedRootGroup section */
		3FE9CAC82D898133004457F2 /* ollama gui */ = {
			isa = PBXFileSystemSynchronizedRootGroup;
			path = "ollama gui";
			sourceTree = "<group>";
		};
		3FE9CADC2D898134004457F2 /* ollama guiTests */ = {
			isa = PBXFileSystemSynchronizedRootGroup;
			path = "ollama guiTests";
			sourceTree = "<group>";
		};
		3FE9CAE62D898134004457F2 /* ollama guiUITests */ = {
			isa = PBXFileSystemSynchronizedRootGroup;
			path = "ollama guiUITests";
			sourceTree = "<group>";
		};
/* End PBXFileSystemSynchronizedRootGroup section */

/* Begin PBXFrameworksBuildPhase section */
		3FE9CAC32D898133004457F2 /* Frameworks */ = {
			isa = PBXFrameworksBuildPhase;
			buildActionMask = 2147483647;
			files = (
			);
			runOnlyForDeploymentPostprocessing = 0;
		};
		3FE9CAD62D898134004457F2 /* Frameworks */ = {
			isa = PBXFrameworksBuildPhase;
			buildActionMask = 2147483647;
			files = (
			);
			runOnlyForDeploymentPostprocessing = 0;
		};
		3FE9CAE02D898134004457F2 /* Frameworks */ = {
			isa = PBXFrameworksBuildPhase;
			buildActionMask = 2147483647;
			files = (
			);
			runOnlyForDeploymentPostprocessing = 0;
		};
/* End PBXFrameworksBuildPhase section */

/* Begin PBXGroup section */
		3FE9CABD2D898133004457F2 = {
			isa = PBXGroup;
			children = (
				3FE9CAC82D898133004457F2 /* ollama gui */,
				3FE9CADC2D898134004457F2 /* ollama guiTests */,
				3FE9CAE62D898134004457F2 /* ollama guiUITests */,
				3FE9CAC72D898133004457F2 /* Products */,
			);
			sourceTree = "<group>";
		};
		3FE9CAC72D898133004457F2 /* Products */ = {
			isa = PBXGroup;
			children = (
				3FE9CAC62D898133004457F2 /* ollama gui.app */,
				3FE9CAD92D898134004457F2 /* ollama guiTests.xctest */,
				3FE9CAE32D898134004457F2 /* ollama guiUITests.xctest */,
			);
			name = Products;
			sourceTree = "<group>";
		};
/* End PBXGroup section */

/* Begin PBXNativeTarget section */
		3FE9CAC52D898133004457F2 /* ollama gui */ = {
			isa = PBXNativeTarget;
			buildConfigurationList = 3FE9CAED2D898134004457F2 /* Build configuration list for PBXNativeTarget "ollama gui" */;
			buildPhases = (
				3FE9CAC22D898133004457F2 /* Sources */,
				3FE9CAC32D898133004457F2 /* Frameworks */,
				3FE9CAC42D898133004457F2 /* Resources */,
			);
			buildRules = (
			);
			dependencies = (
			);
			fileSystemSynchronizedGroups = (
				3FE9CAC82D898133004457F2 /* ollama gui */,
			);
			name = "ollama gui";
			packageProductDependencies = (
			);
			productName = "ollama gui";
			productReference = 3FE9CAC62D898133004457F2 /* ollama gui.app */;
			productType = "com.apple.product-type.application";
		};
		3FE9CAD82D898134004457F2 /* ollama guiTests */ = {
			isa = PBXNativeTarget;
			buildConfigurationList = 3FE9CAF02D898134004457F2 /* Build configuration list for PBXNativeTarget "ollama guiTests" */;
			buildPhases = (
				3FE9CAD52D898134004457F2 /* Sources */,
				3FE9CAD62D898134004457F2 /* Frameworks */,
				3FE9CAD72D898134004457F2 /* Resources */,
			);
			buildRules = (
			);
			dependencies = (
				3FE9CADB2D898134004457F2 /* PBXTargetDependency */,
			);
			fileSystemSynchronizedGroups = (
				3FE9CADC2D898134004457F2 /* ollama guiTests */,
			);
			name = "ollama guiTests";
			packageProductDependencies = (
			);
			productName = "ollama guiTests";
			productReference = 3FE9CAD92D898134004457F2 /* ollama guiTests.xctest */;
			productType = "com.apple.product-type.bundle.unit-test";
		};
		3FE9CAE22D898134004457F2 /* ollama guiUITests */ = {
			isa = PBXNativeTarget;
			buildConfigurationList = 3FE9CAF32D898134004457F2 /* Build configuration list for PBXNativeTarget "ollama guiUITests" */;
			buildPhases = (
				3FE9CADF2D898134004457F2 /* Sources */,
				3FE9CAE02D898134004457F2 /* Frameworks */,
				3FE9CAE12D898134004457F2 /* Resources */,
			);
			buildRules = (
			);
			dependencies = (
				3FE9CAE52D898134004457F2 /* PBXTargetDependency */,
			);
			fileSystemSynchronizedGroups = (
				3FE9CAE62D898134004457F2 /* ollama guiUITests */,
			);
			name = "ollama guiUITests";
			packageProductDependencies = (
			);
			productName = "ollama guiUITests";
			productReference = 3FE9CAE32D898134004457F2 /* ollama guiUITests.xctest */;
			productType = "com.apple.product-type.bundle.ui-testing";
		};
/* End PBXNativeTarget section */

/* Begin PBXProject section */
		3FE9CABE2D898133004457F2 /* Project object */ = {
			isa = PBXProject;
			attributes = {
				BuildIndependentTargetsInParallel = 1;
				LastSwiftUpdateCheck = 1620;
				LastUpgradeCheck = 1620;
				TargetAttributes = {
					3FE9CAC52D898133004457F2 = {
						CreatedOnToolsVersion = 16.2;
					};
					3FE9CAD82D898134004457F2 = {
						CreatedOnToolsVersion = 16.2;
						TestTargetID = 3FE9CAC52D898133004457F2;
					};
					3FE9CAE22D898134004457F2 = {
						CreatedOnToolsVersion = 16.2;
						TestTargetID = 3FE9CAC52D898133004457F2;
					};
				};
			};
			buildConfigurationList = 3FE9CAC12D898133004457F2 /* Build configuration list for PBXProject "ollama gui" */;
			developmentRegion = en;
			hasScannedForEncodings = 0;
			knownRegions = (
				en,
				Base,
			);
			mainGroup = 3FE9CABD2D898133004457F2;
			minimizedProjectReferenceProxies = 1;
			preferredProjectObjectVersion = 77;
			productRefGroup = 3FE9CAC72D898133004457F2 /* Products */;
			projectDirPath = "";
			projectRoot = "";
			targets = (
				3FE9CAC52D898133004457F2 /* ollama gui */,
				3FE9CAD82D898134004457F2 /* ollama guiTests */,
				3FE9CAE22D898134004457F2 /* ollama guiUITests */,
			);
		};
/* End PBXProject section */

/* Begin PBXResourcesBuildPhase section */
		3FE9CAC42D898133004457F2 /* Resources */ = {
			isa = PBXResourcesBuildPhase;
			buildActionMask = 2147483647;
			files = (
			);
			runOnlyForDeploymentPostprocessing = 0;
		};
		3FE9CAD72D898134004457F2 /* Resources */ = {
			isa = PBXResourcesBuildPhase;
			buildActionMask = 2147483647;
			files = (
			);
			runOnlyForDeploymentPostprocessing = 0;
		};
		3FE9CAE12D898134004457F2 /* Resources */ = {
			isa = PBXResourcesBuildPhase;
			buildActionMask = 2147483647;
			files = (
			);
			runOnlyForDeploymentPostprocessing = 0;
		};
/* End PBXResourcesBuildPhase section */

/* Begin PBXSourcesBuildPhase section */
		3FE9CAC22D898133004457F2 /* Sources */ = {
			isa = PBXSourcesBuildPhase;
			buildActionMask = 2147483647;
			files = (
			);
			runOnlyForDeploymentPostprocessing = 0;
		};
		3FE9CAD52D898134004457F2 /* Sources */ = {
			isa = PBXSourcesBuildPhase;
			buildActionMask = 2147483647;
			files = (
			);
			runOnlyForDeploymentPostprocessing = 0;
		};
		3FE9CADF2D898134004457F2 /* Sources */ = {
			isa = PBXSourcesBuildPhase;
			buildActionMask = 2147483647;
			files = (
			);
			runOnlyForDeploymentPostprocessing = 0;
		};
/* End PBXSourcesBuildPhase section */

/* Begin PBXTargetDependency section */
		3FE9CADB2D898134004457F2 /* PBXTargetDependency */ = {
			isa = PBXTargetDependency;
			target = 3FE9CAC52D898133004457F2 /* ollama gui */;
			targetProxy = 3FE9CADA2D898134004457F2 /* PBXContainerItemProxy */;
		};
		3FE9CAE52D898134004457F2 /* PBXTargetDependency */ = {
			isa = PBXTargetDependency;
			target = 3FE9CAC52D898133004457F2 /* ollama gui */;
			targetProxy = 3FE9CAE42D898134004457F2 /* PBXContainerItemProxy */;
		};
/* End PBXTargetDependency section */

/* Begin XCBuildConfiguration section */
		3FE9CAEB2D898134004457F2 /* Debug */ = {
			isa = XCBuildConfiguration;
			buildSettings = {
				ALWAYS_SEARCH_USER_PATHS = NO;
				ASSETCATALOG_COMPILER_GENERATE_SWIFT_ASSET_SYMBOL_EXTENSIONS = YES;
				CLANG_ANALYZER_NONNULL = YES;
				CLANG_ANALYZER_NUMBER_OBJECT_CONVERSION = YES_AGGRESSIVE;
				CLANG_CXX_LANGUAGE_STANDARD = "gnu++20";
				CLANG_ENABLE_MODULES = YES;
				CLANG_ENABLE_OBJC_ARC = YES;
				CLANG_ENABLE_OBJC_WEAK = YES;
				CLANG_WARN_BLOCK_CAPTURE_AUTORELEASING = YES;
				CLANG_WARN_BOOL_CONVERSION = YES;
				CLANG_WARN_COMMA = YES;
				CLANG_WARN_CONSTANT_CONVERSION = YES;
				CLANG_WARN_DEPRECATED_OBJC_IMPLEMENTATIONS = YES;
				CLANG_WARN_DIRECT_OBJC_ISA_USAGE = YES_ERROR;
				CLANG_WARN_DOCUMENTATION_COMMENTS = YES;
				CLANG_WARN_EMPTY_BODY = YES;
				CLANG_WARN_ENUM_CONVERSION = YES;
				CLANG_WARN_INFINITE_RECURSION = YES;
				CLANG_WARN_INT_CONVERSION = YES;
				CLANG_WARN_NON_LITERAL_NULL_CONVERSION = YES;
				CLANG_WARN_OBJC_IMPLICIT_RETAIN_SELF = YES;
				CLANG_WARN_OBJC_LITERAL_CONVERSION = YES;
				CLANG_WARN_OBJC_ROOT_CLASS = YES_ERROR;
				CLANG_WARN_QUOTED_INCLUDE_IN_FRAMEWORK_HEADER = YES;
				CLANG_WARN_RANGE_LOOP_ANALYSIS = YES;
				CLANG_WARN_STRICT_PROTOTYPES = YES;
				CLANG_WARN_SUSPICIOUS_MOVE = YES;
				CLANG_WARN_UNGUARDED_AVAILABILITY = YES_AGGRESSIVE;
				CLANG_WARN_UNREACHABLE_CODE = YES;
				CLANG_WARN__DUPLICATE_METHOD_MATCH = YES;
				COPY_PHASE_STRIP = NO;
				DEBUG_INFORMATION_FORMAT = dwarf;
				ENABLE_STRICT_OBJC_MSGSEND = YES;
				ENABLE_TESTABILITY = YES;
				ENABLE_USER_SCRIPT_SANDBOXING = YES;
				GCC_C_LANGUAGE_STANDARD = gnu17;
				GCC_DYNAMIC_NO_PIC = NO;
				GCC_NO_COMMON_BLOCKS = YES;
				GCC_OPTIMIZATION_LEVEL = 0;
				GCC_PREPROCESSOR_DEFINITIONS = (
					"DEBUG=1",
					"$(inherited)",
				);
				GCC_WARN_64_TO_32_BIT_CONVERSION = YES;
				GCC_WARN_ABOUT_RETURN_TYPE = YES_ERROR;
				GCC_WARN_UNDECLARED_SELECTOR = YES;
				GCC_WARN_UNINITIALIZED_AUTOS = YES_AGGRESSIVE;
				GCC_WARN_UNUSED_FUNCTION = YES;
				GCC_WARN_UNUSED_VARIABLE = YES;
				LOCALIZATION_PREFERS_STRING_CATALOGS = YES;
				MACOSX_DEPLOYMENT_TARGET = 15.2;
				MTL_ENABLE_DEBUG_INFO = INCLUDE_SOURCE;
				MTL_FAST_MATH = YES;
				ONLY_ACTIVE_ARCH = YES;
				SDKROOT = macosx;
				SWIFT_ACTIVE_COMPILATION_CONDITIONS = "DEBUG $(inherited)";
				SWIFT_OPTIMIZATION_LEVEL = "-Onone";
			};
			name = Debug;
		};
		3FE9CAEC2D898134004457F2 /* Release */ = {
			isa = XCBuildConfiguration;
			buildSettings = {
				ALWAYS_SEARCH_USER_PATHS = NO;
				ASSETCATALOG_COMPILER_GENERATE_SWIFT_ASSET_SYMBOL_EXTENSIONS = YES;
				CLANG_ANALYZER_NONNULL = YES;
				CLANG_ANALYZER_NUMBER_OBJECT_CONVERSION = YES_AGGRESSIVE;
				CLANG_CXX_LANGUAGE_STANDARD = "gnu++20";
				CLANG_ENABLE_MODULES = YES;
				CLANG_ENABLE_OBJC_ARC = YES;
				CLANG_ENABLE_OBJC_WEAK = YES;
				CLANG_WARN_BLOCK_CAPTURE_AUTORELEASING = YES;
				CLANG_WARN_BOOL_CONVERSION = YES;
				CLANG_WARN_COMMA = YES;
				CLANG_WARN_CONSTANT_CONVERSION = YES;
				CLANG_WARN_DEPRECATED_OBJC_IMPLEMENTATIONS = YES;
				CLANG_WARN_DIRECT_OBJC_ISA_USAGE = YES_ERROR;
				CLANG_WARN_DOCUMENTATION_COMMENTS = YES;
				CLANG_WARN_EMPTY_BODY = YES;
				CLANG_WARN_ENUM_CONVERSION = YES;
				CLANG_WARN_INFINITE_RECURSION = YES;
				CLANG_WARN_INT_CONVERSION = YES;
				CLANG_WARN_NON_LITERAL_NULL_CONVERSION = YES;
				CLANG_WARN_OBJC_IMPLICIT_RETAIN_SELF = YES;
				CLANG_WARN_OBJC_LITERAL_CONVERSION = YES;
				CLANG_WARN_OBJC_ROOT_CLASS = YES_ERROR;
				CLANG_WARN_QUOTED_INCLUDE_IN_FRAMEWORK_HEADER = YES;
				CLANG_WARN_RANGE_LOOP_ANALYSIS = YES;
				CLANG_WARN_STRICT_PROTOTYPES = YES;
				CLANG_WARN_SUSPICIOUS_MOVE = YES;
				CLANG_WARN_UNGUARDED_AVAILABILITY = YES_AGGRESSIVE;
				CLANG_WARN_UNREACHABLE_CODE = YES;
				CLANG_WARN__DUPLICATE_METHOD_MATCH = YES;
				COPY_PHASE_STRIP = NO;
				DEBUG_INFORMATION_FORMAT = "dwarf-with-dsym";
				ENABLE_NS_ASSERTIONS = NO;
				ENABLE_STRICT_OBJC_MSGSEND = YES;
				ENABLE_USER_SCRIPT_SANDBOXING = YES;
				GCC_C_LANGUAGE_STANDARD = gnu17;
				GCC_NO_COMMON_BLOCKS = YES;
				GCC_WARN_64_TO_32_BIT_CONVERSION = YES;
				GCC_WARN_ABOUT_RETURN_TYPE = YES_ERROR;
				GCC_WARN_UNDECLARED_SELECTOR = YES;
				GCC_WARN_UNINITIALIZED_AUTOS = YES_AGGRESSIVE;
				GCC_WARN_UNUSED_FUNCTION = YES;
				GCC_WARN_UNUSED_VARIABLE = YES;
				LOCALIZATION_PREFERS_STRING_CATALOGS = YES;
				MACOSX_DEPLOYMENT_TARGET = 15.2;
				MTL_ENABLE_DEBUG_INFO = NO;
				MTL_FAST_MATH = YES;
				SDKROOT = macosx;
				SWIFT_COMPILATION_MODE = wholemodule;
			};
			name = Release;
		};
		3FE9CAEE2D898134004457F2 /* Debug */ = {
			isa = XCBuildConfiguration;
			buildSettings = {
				ASSETCATALOG_COMPILER_APPICON_NAME = AppIcon;
				ASSETCATALOG_COMPILER_GLOBAL_ACCENT_COLOR_NAME = AccentColor;
				CODE_SIGN_ENTITLEMENTS = "ollama gui/ollama_gui.entitlements";
				CODE_SIGN_STYLE = Automatic;
				COMBINE_HIDPI_IMAGES = YES;
				CURRENT_PROJECT_VERSION = 1;
				DEVELOPMENT_ASSET_PATHS = "\"ollama gui/Preview Content\"";
				DEVELOPMENT_TEAM = VKBMY93XH2;
				ENABLE_HARDENED_RUNTIME = YES;
				ENABLE_PREVIEWS = YES;
				GENERATE_INFOPLIST_FILE = YES;
				INFOPLIST_KEY_NSHumanReadableCopyright = "";
				LD_RUNPATH_SEARCH_PATHS = (
					"$(inherited)",
					"@executable_path/../Frameworks",
				);
				MACOSX_DEPLOYMENT_TARGET = 14.0;
				MARKETING_VERSION = 1.0;
				PRODUCT_BUNDLE_IDENTIFIER = "zkyo.ollama-gui";
				PRODUCT_NAME = "$(TARGET_NAME)";
				SWIFT_EMIT_LOC_STRINGS = YES;
				SWIFT_VERSION = 5.0;
			};
			name = Debug;
		};
		3FE9CAEF2D898134004457F2 /* Release */ = {
			isa = XCBuildConfiguration;
			buildSettings = {
				ASSETCATALOG_COMPILER_APPICON_NAME = AppIcon;
				ASSETCATALOG_COMPILER_GLOBAL_ACCENT_COLOR_NAME = AccentColor;
				CODE_SIGN_ENTITLEMENTS = "ollama gui/ollama_gui.entitlements";
				CODE_SIGN_STYLE = Automatic;
				COMBINE_HIDPI_IMAGES = YES;
				CURRENT_PROJECT_VERSION = 1;
				DEVELOPMENT_ASSET_PATHS = "\"ollama gui/Preview Content\"";
				DEVELOPMENT_TEAM = VKBMY93XH2;
				ENABLE_HARDENED_RUNTIME = YES;
				ENABLE_PREVIEWS = YES;
				GENERATE_INFOPLIST_FILE = YES;
				INFOPLIST_KEY_NSHumanReadableCopyright = "";
				LD_RUNPATH_SEARCH_PATHS = (
					"$(inherited)",
					"@executable_path/../Frameworks",
				);
				MACOSX_DEPLOYMENT_TARGET = 14.0;
				MARKETING_VERSION = 1.0;
				PRODUCT_BUNDLE_IDENTIFIER = "zkyo.ollama-gui";
				PRODUCT_NAME = "$(TARGET_NAME)";
				SWIFT_EMIT_LOC_STRINGS = YES;
				SWIFT_VERSION = 5.0;
			};
			name = Release;
		};
		3FE9CAF12D898134004457F2 /* Debug */ = {
			isa = XCBuildConfiguration;
			buildSettings = {
				BUNDLE_LOADER = "$(TEST_HOST)";
				CODE_SIGN_STYLE = Automatic;
				CURRENT_PROJECT_VERSION = 1;
				DEVELOPMENT_TEAM = VKBMY93XH2;
				GENERATE_INFOPLIST_FILE = YES;
				MACOSX_DEPLOYMENT_TARGET = 14.0;
				MARKETING_VERSION = 1.0;
				PRODUCT_BUNDLE_IDENTIFIER = "zkyo.ollama-guiTests";
				PRODUCT_NAME = "$(TARGET_NAME)";
				SWIFT_EMIT_LOC_STRINGS = NO;
				SWIFT_VERSION = 5.0;
				TEST_HOST = "$(BUILT_PRODUCTS_DIR)/ollama gui.app/$(BUNDLE_EXECUTABLE_FOLDER_PATH)/ollama gui";
			};
			name = Debug;
		};
		3FE9CAF22D898134004457F2 /* Release */ = {
			isa = XCBuildConfiguration;
			buildSettings = {
				BUNDLE_LOADER = "$(TEST_HOST)";
				CODE_SIGN_STYLE = Automatic;
				CURRENT_PROJECT_VERSION = 1;
				DEVELOPMENT_TEAM = VKBMY93XH2;
				GENERATE_INFOPLIST_FILE = YES;
				MACOSX_DEPLOYMENT_TARGET = 14.0;
				MARKETING_VERSION = 1.0;
				PRODUCT_BUNDLE_IDENTIFIER = "zkyo.ollama-guiTests";
				PRODUCT_NAME = "$(TARGET_NAME)";
				SWIFT_EMIT_LOC_STRINGS = NO;
				SWIFT_VERSION = 5.0;
				TEST_HOST = "$(BUILT_PRODUCTS_DIR)/ollama gui.app/$(BUNDLE_EXECUTABLE_FOLDER_PATH)/ollama gui";
			};
			name = Release;
		};
		3FE9CAF42D898134004457F2 /* Debug */ = {
			isa = XCBuildConfiguration;
			buildSettings = {
				CODE_SIGN_STYLE = Automatic;
				CURRENT_PROJECT_VERSION = 1;
				DEVELOPMENT_TEAM = VKBMY93XH2;
				GENERATE_INFOPLIST_FILE = YES;
				MARKETING_VERSION = 1.0;
				PRODUCT_BUNDLE_IDENTIFIER = "zkyo.ollama-guiUITests";
				PRODUCT_NAME = "$(TARGET_NAME)";
				SWIFT_EMIT_LOC_STRINGS = NO;
				SWIFT_VERSION = 5.0;
				TEST_TARGET_NAME = "ollama gui";
			};
			name = Debug;
		};
		3FE9CAF52D898134004457F2 /* Release */ = {
			isa = XCBuildConfiguration;
			buildSettings = {
				CODE_SIGN_STYLE = Automatic;
				CURRENT_PROJECT_VERSION = 1;
				DEVELOPMENT_TEAM = VKBMY93XH2;
				GENERATE_INFOPLIST_FILE = YES;
				MARKETING_VERSION = 1.0;
				PRODUCT_BUNDLE_IDENTIFIER = "zkyo.ollama-guiUITests";
				PRODUCT_NAME = "$(TARGET_NAME)";
				SWIFT_EMIT_LOC_STRINGS = NO;
				SWIFT_VERSION = 5.0;
				TEST_TARGET_NAME = "ollama gui";
			};
			name = Release;
		};
/* End XCBuildConfiguration section */

/* Begin XCConfigurationList section */
		3FE9CAC12D898133004457F2 /* Build configuration list for PBXProject "ollama gui" */ = {
			isa = XCConfigurationList;
			buildConfigurations = (
				3FE9CAEB2D898134004457F2 /* Debug */,
				3FE9CAEC2D898134004457F2 /* Release */,
			);
			defaultConfigurationIsVisible = 0;
			defaultConfigurationName = Release;
		};
		3FE9CAED2D898134004457F2 /* Build configuration list for PBXNativeTarget "ollama gui" */ = {
			isa = XCConfigurationList;
			buildConfigurations = (
				3FE9CAEE2D898134004457F2 /* Debug */,
				3FE9CAEF2D898134004457F2 /* Release */,
			);
			defaultConfigurationIsVisible = 0;
			defaultConfigurationName = Release;
		};
		3FE9CAF02D898134004457F2 /* Build configuration list for PBXNativeTarget "ollama guiTests" */ = {
			isa = XCConfigurationList;
			buildConfigurations = (
				3FE9CAF12D898134004457F2 /* Debug */,
				3FE9CAF22D898134004457F2 /* Release */,
			);
			defaultConfigurationIsVisible = 0;
			defaultConfigurationName = Release;
		};
		3FE9CAF32D898134004457F2 /* Build configuration list for PBXNativeTarget "ollama guiUITests" */ = {
			isa = XCConfigurationList;
			buildConfigurations = (
				3FE9CAF42D898134004457F2 /* Debug */,
				3FE9CAF52D898134004457F2 /* Release */,
			);
			defaultConfigurationIsVisible = 0;
			defaultConfigurationName = Release;
		};
/* End XCConfigurationList section */
	};
	rootObject = 3FE9CABE2D898133004457F2 /* Project object */;
}
